{
    "_readme": [
        "This file locks the dependencies of your project to a known state",
        "Read more about it at https://getcomposer.org/doc/01-basic-usage.md#installing-dependencies",
        "This file is @generated automatically"
    ],
    "content-hash": "57c294239c1296f15af9aaf10925c62b",
    "packages": [
        {
            "name": "bcosca/fatfree",
            "version": "3.7.2",
            "source": {
                "type": "git",
                "url": "https://github.com/bcosca/fatfree.git",
                "reference": "b51905e89d2bf970b34c4fbb37879eeb1572e76c"
            },
            "dist": {
                "type": "zip",
                "url": "https://api.github.com/repos/bcosca/fatfree/zipball/b51905e89d2bf970b34c4fbb37879eeb1572e76c",
                "reference": "b51905e89d2bf970b34c4fbb37879eeb1572e76c",
                "shasum": ""
            },
            "require": {
                "php": ">=5.4"
            },
            "type": "library",
            "autoload": {
                "files": [
                    "lib/base.php"
                ]
            },
            "notification-url": "https://packagist.org/downloads/",
            "license": [
                "GPL-3.0"
            ],
            "description": "A powerful yet easy-to-use PHP micro-framework designed to help you build dynamic and robust Web applications - fast!",
            "homepage": "http://fatfreeframework.com/",
            "support": {
                "issues": "https://github.com/bcosca/fatfree/issues",
                "source": "https://github.com/bcosca/fatfree/tree/3.7.2"
            },
            "time": "2020-05-28T16:20:24+00:00"
        },
        {
            "name": "ikkez/f3-schema-builder",
            "version": "v2.2.4",
            "source": {
                "type": "git",
                "url": "https://github.com/ikkez/f3-schema-builder.git",
                "reference": "89281f27056dc41adb6fba3f9d6eaf5dc6f81739"
            },
            "dist": {
                "type": "zip",
                "url": "https://api.github.com/repos/ikkez/f3-schema-builder/zipball/89281f27056dc41adb6fba3f9d6eaf5dc6f81739",
                "reference": "89281f27056dc41adb6fba3f9d6eaf5dc6f81739",
                "shasum": ""
            },
            "require": {
                "bcosca/fatfree-core": "^3.6"
            },
            "type": "library",
            "autoload": {
                "classmap": [
                    "lib/"
                ]
            },
            "notification-url": "https://packagist.org/downloads/",
            "license": [
                "GPL-3.0"
            ],
            "description": "SQL Schema Builder Plugin for PHP Fat-Free Framework",
            "homepage": "https://github.com/ikkez/f3-schema-builder",
            "keywords": [
                "F3",
                "fatfree",
                "sql"
            ],
            "time": "2019-11-25T17:04:32+00:00"
        }
    ],
    "packages-dev": [],
    "aliases": [],
    "minimum-stability": "stable",
    "stability-flags": [],
    "prefer-stable": false,
    "prefer-lowest": false,
    "platform": [],
    "platform-dev": [],
    "plugin-api-version": "2.6.0"
}
